
Microsoft Visual Studio Solution File, Format Version 12.00
# Visual Studio Version 17
VisualStudioVersion = 17.11.35303.130
MinimumVisualStudioVersion = 10.0.40219.1
Project("{FAE04EC0-301F-11D3-BF4B-00C04F79EFBC}") = "新用户管理系统", "新用户管理系统\新用户管理系统.csproj", "{C868B1B4-6732-4570-BF49-BEA4DD59F138}"
EndProject
Global
	GlobalSection(SolutionConfigurationPlatforms) = preSolution
		Debug|Any CPU = Debug|Any CPU
		Release|Any CPU = Release|Any CPU
	EndGlobalSection
	GlobalSection(ProjectConfigurationPlatforms) = postSolution
		{C868B1B4-6732-4570-BF49-BEA4DD59F138}.Debug|Any CPU.ActiveCfg = Debug|Any CPU
		{C868B1B4-6732-4570-BF49-BEA4DD59F138}.Debug|Any CPU.Build.0 = Debug|Any CPU
		{C868B1B4-6732-4570-BF49-BEA4DD59F138}.Release|Any CPU.ActiveCfg = Release|Any CPU
		{C868B1B4-6732-4570-BF49-BEA4DD59F138}.Release|Any CPU.Build.0 = Release|Any CPU
	EndGlobalSection
	GlobalSection(SolutionProperties) = preSolution
		HideSolutionNode = FALSE
	EndGlobalSection
	GlobalSection(ExtensibilityGlobals) = postSolution
		SolutionGuid = {ADA56D57-74D7-499F-ACF6-C632B819FEEA}
	EndGlobalSection
EndGlobal
